// !$*UTF8*$!
{
	archiveVersion = 1;
	classes = {
	};
	objectVersion = 46;
	objects = {

/* Begin PBXBuildFile section */
		498F4B5F14696E9A00E8091A /* UIKit.framework in Frameworks */ = {isa = PBXBuildFile; fileRef = 498F4B5E14696E9A00E8091A /* UIKit.framework */; };
		498F4B6114696E9A00E8091A /* Foundation.framework in Frameworks */ = {isa = PBXBuildFile; fileRef = 498F4B6014696E9A00E8091A /* Foundation.framework */; };
		498F4B6314696E9A00E8091A /* CoreGraphics.framework in Frameworks */ = {isa = PBXBuildFile; fileRef = 498F4B6214696E9A00E8091A /* CoreGraphics.framework */; };
		498F4B6914696E9A00E8091A /* InfoPlist.strings in Resources */ = {isa = PBXBuildFile; fileRef = 498F4B6714696E9A00E8091A /* InfoPlist.strings */; };
		498F4B6B14696E9A00E8091A /* main.m in Sources */ = {isa = PBXBuildFile; fileRef = 498F4B6A14696E9A00E8091A /* main.m */; };
		498F4B6F14696E9A00E8091A /* AppDelegate.m in Sources */ = {isa = PBXBuildFile; fileRef = 498F4B6E14696E9A00E8091A /* AppDelegate.m */; };
		498F4B7214696E9A00E8091A /* MainStoryboard.storyboard in Resources */ = {isa = PBXBuildFile; fileRef = 498F4B7014696E9A00E8091A /* MainStoryboard.storyboard */; };
		498F4B7514696E9A00E8091A /* MainViewController.m in Sources */ = {isa = PBXBuildFile; fileRef = 498F4B7414696E9A00E8091A /* MainViewController.m */; };
		498F4B7814696E9A00E8091A /* FlipsideViewController.m in Sources */ = {isa = PBXBuildFile; fileRef = 498F4B7714696E9A00E8091A /* FlipsideViewController.m */; };
/* End PBXBuildFile section */

/* Begin PBXFileReference section */
		498F4B5A14696E9A00E8091A /* util.app */ = {isa = PBXFileReference; explicitFileType = wrapper.application; includeInIndex = 0; path = util.app; sourceTree = BUILT_PRODUCTS_DIR; };
		498F4B5E14696E9A00E8091A /* UIKit.framework */ = {isa = PBXFileReference; lastKnownFileType = wrapper.framework; name = UIKit.framework; path = System/Library/Frameworks/UIKit.framework; sourceTree = SDKROOT; };
		498F4B6014696E9A00E8091A /* Foundation.framework */ = {isa = PBXFileReference; lastKnownFileType = wrapper.framework; name = Foundation.framework; path = System/Library/Frameworks/Foundation.framework; sourceTree = SDKROOT; };
		498F4B6214696E9A00E8091A /* CoreGraphics.framework */ = {isa = PBXFileReference; lastKnownFileType = wrapper.framework; name = CoreGraphics.framework; path = System/Library/Frameworks/CoreGraphics.framework; sourceTree = SDKROOT; };
		498F4B6614696E9A00E8091A /* util-Info.plist */ = {isa = PBXFileReference; lastKnownFileType = text.plist.xml; path = "util-Info.plist"; sourceTree = "<group>"; };
		498F4B6814696E9A00E8091A /* en */ = {isa = PBXFileReference; lastKnownFileType = text.plist.strings; name = en; path = en.lproj/InfoPlist.strings; sourceTree = "<group>"; };
		498F4B6A14696E9A00E8091A /* main.m */ = {isa = PBXFileReference; lastKnownFileType = sourcecode.c.objc; path = main.m; sourceTree = "<group>"; };
		498F4B6C14696E9A00E8091A /* util-Prefix.pch */ = {isa = PBXFileReference; lastKnownFileType = sourcecode.c.h; path = "util-Prefix.pch"; sourceTree = "<group>"; };
		498F4B6D14696E9A00E8091A /* AppDelegate.h */ = {isa = PBXFileReference; lastKnownFileType = sourcecode.c.h; path = AppDelegate.h; sourceTree = "<group>"; };
		498F4B6E14696E9A00E8091A /* AppDelegate.m */ = {isa = PBXFileReference; lastKnownFileType = sourcecode.c.objc; path = AppDelegate.m; sourceTree = "<group>"; };
		498F4B7114696E9A00E8091A /* en */ = {isa = PBXFileReference; lastKnownFileType = file.storyboard; name = en; path = en.lproj/MainStoryboard.storyboard; sourceTree = "<group>"; };
		498F4B7314696E9A00E8091A /* MainViewController.h */ = {isa = PBXFileReference; lastKnownFileType = sourcecode.c.h; path = MainViewController.h; sourceTree = "<group>"; };
		498F4B7414696E9A00E8091A /* MainViewController.m */ = {isa = PBXFileReference; lastKnownFileType = sourcecode.c.objc; path = MainViewController.m; sourceTree = "<group>"; };
		498F4B7614696E9A00E8091A /* FlipsideViewController.h */ = {isa = PBXFileReference; lastKnownFileType = sourcecode.c.h; path = FlipsideViewController.h; sourceTree = "<group>"; };
		498F4B7714696E9A00E8091A /* FlipsideViewController.m */ = {isa = PBXFileReference; lastKnownFileType = sourcecode.c.objc; path = FlipsideViewController.m; sourceTree = "<group>"; };
/* End PBXFileReference section */

/* Begin PBXFrameworksBuildPhase section */
		498F4B5714696E9A00E8091A /* Frameworks */ = {
			isa = PBXFrameworksBuildPhase;
			buildActionMask = 2147483647;
			files = (
				498F4B5F14696E9A00E8091A /* UIKit.framework in Frameworks */,
				498F4B6114696E9A00E8091A /* Foundation.framework in Frameworks */,
				498F4B6314696E9A00E8091A /* CoreGraphics.framework in Frameworks */,
			);
			runOnlyForDeploymentPostprocessing = 0;
		};
/* End PBXFrameworksBuildPhase section */

/* Begin PBXGroup section */
		498F4B4F14696E9A00E8091A = {
			isa = PBXGroup;
			children = (
				498F4B6414696E9A00E8091A /* util */,
				498F4B5D14696E9A00E8091A /* Frameworks */,
				498F4B5B14696E9A00E8091A /* Products */,
			);
			sourceTree = "<group>";
		};
		498F4B5B14696E9A00E8091A /* Products */ = {
			isa = PBXGroup;
			children = (
				498F4B5A14696E9A00E8091A /* util.app */,
			);
			name = Products;
			sourceTree = "<group>";
		};
		498F4B5D14696E9A00E8091A /* Frameworks */ = {
			isa = PBXGroup;
			children = (
				498F4B5E14696E9A00E8091A /* UIKit.framework */,
				498F4B6014696E9A00E8091A /* Foundation.framework */,
				498F4B6214696E9A00E8091A /* CoreGraphics.framework */,
			);
			name = Frameworks;
			sourceTree = "<group>";
		};
		498F4B6414696E9A00E8091A /* util */ = {
			isa = PBXGroup;
			children = (
				498F4B6D14696E9A00E8091A /* AppDelegate.h */,
				498F4B6E14696E9A00E8091A /* AppDelegate.m */,
				498F4B7014696E9A00E8091A /* MainStoryboard.storyboard */,
				498F4B7314696E9A00E8091A /* MainViewController.h */,
				498F4B7414696E9A00E8091A /* MainViewController.m */,
				498F4B7614696E9A00E8091A /* FlipsideViewController.h */,
				498F4B7714696E9A00E8091A /* FlipsideViewController.m */,
				498F4B6514696E9A00E8091A /* Supporting Files */,
			);
			path = util;
			sourceTree = "<group>";
		};
		498F4B6514696E9A00E8091A /* Supporting Files */ = {
			isa = PBXGroup;
			children = (
				498F4B6614696E9A00E8091A /* util-Info.plist */,
				498F4B6714696E9A00E8091A /* InfoPlist.strings */,
				498F4B6A14696E9A00E8091A /* main.m */,
				498F4B6C14696E9A00E8091A /* util-Prefix.pch */,
			);
			name = "Supporting Files";
			sourceTree = "<group>";
		};
/* End PBXGroup section */

/* Begin PBXNativeTarget section */
		498F4B5914696E9A00E8091A /* util */ = {
			isa = PBXNativeTarget;
			buildConfigurationList = 498F4B7B14696E9A00E8091A /* Build configuration list for PBXNativeTarget "util" */;
			buildPhases = (
				498F4B5614696E9A00E8091A /* Sources */,
				498F4B5714696E9A00E8091A /* Frameworks */,
				498F4B5814696E9A00E8091A /* Resources */,
			);
			buildRules = (
			);
			dependencies = (
			);
			name = util;
			productName = util;
			productReference = 498F4B5A14696E9A00E8091A /* util.app */;
			productType = "com.apple.product-type.application";
		};
/* End PBXNativeTarget section */

/* Begin PBXProject section */
		498F4B5114696E9A00E8091A /* Project object */ = {
			isa = PBXProject;
			attributes = {
				LastUpgradeCheck = 0420;
			};
			buildConfigurationList = 498F4B5414696E9A00E8091A /* Build configuration list for PBXProject "util" */;
			compatibilityVersion = "Xcode 3.2";
			developmentRegion = English;
			hasScannedForEncodings = 0;
			knownRegions = (
				en,
			);
			mainGroup = 498F4B4F14696E9A00E8091A;
			productRefGroup = 498F4B5B14696E9A00E8091A /* Products */;
			projectDirPath = "";
			projectRoot = "";
			targets = (
				498F4B5914696E9A00E8091A /* util */,
			);
		};
/* End PBXProject section */

/* Begin PBXResourcesBuildPhase section */
		498F4B5814696E9A00E8091A /* Resources */ = {
			isa = PBXResourcesBuildPhase;
			buildActionMask = 2147483647;
			files = (
				498F4B6914696E9A00E8091A /* InfoPlist.strings in Resources */,
				498F4B7214696E9A00E8091A /* MainStoryboard.storyboard in Resources */,
			);
			runOnlyForDeploymentPostprocessing = 0;
		};
/* End PBXResourcesBuildPhase section */

/* Begin PBXSourcesBuildPhase section */
		498F4B5614696E9A00E8091A /* Sources */ = {
			isa = PBXSourcesBuildPhase;
			buildActionMask = 2147483647;
			files = (
				498F4B6B14696E9A00E8091A /* main.m in Sources */,
				498F4B6F14696E9A00E8091A /* AppDelegate.m in Sources */,
				498F4B7514696E9A00E8091A /* MainViewController.m in Sources */,
				498F4B7814696E9A00E8091A /* FlipsideViewController.m in Sources */,
			);
			runOnlyForDeploymentPostprocessing = 0;
		};
/* End PBXSourcesBuildPhase section */

/* Begin PBXVariantGroup section */
		498F4B6714696E9A00E8091A /* InfoPlist.strings */ = {
			isa = PBXVariantGroup;
			children = (
				498F4B6814696E9A00E8091A /* en */,
			);
			name = InfoPlist.strings;
			sourceTree = "<group>";
		};
		498F4B7014696E9A00E8091A /* MainStoryboard.storyboard */ = {
			isa = PBXVariantGroup;
			children = (
				498F4B7114696E9A00E8091A /* en */,
			);
			name = MainStoryboard.storyboard;
			sourceTree = "<group>";
		};
/* End PBXVariantGroup section */

/* Begin XCBuildConfiguration section */
		498F4B7914696E9A00E8091A /* Debug */ = {
			isa = XCBuildConfiguration;
			buildSettings = {
				ALWAYS_SEARCH_USER_PATHS = NO;
				ARCHS = "$(ARCHS_STANDARD_32_BIT)";
				"CODE_SIGN_IDENTITY[sdk=iphoneos*]" = "iPhone Developer";
				COPY_PHASE_STRIP = NO;
				GCC_C_LANGUAGE_STANDARD = gnu99;
				GCC_DYNAMIC_NO_PIC = NO;
				GCC_OPTIMIZATION_LEVEL = 0;
				GCC_PREPROCESSOR_DEFINITIONS = (
					"DEBUG=1",
					"$(inherited)",
				);
				GCC_SYMBOLS_PRIVATE_EXTERN = NO;
				GCC_VERSION = com.apple.compilers.llvm.clang.1_0;
				GCC_WARN_ABOUT_MISSING_PROTOTYPES = YES;
				GCC_WARN_ABOUT_RETURN_TYPE = YES;
				GCC_WARN_UNUSED_VARIABLE = YES;
				IPHONEOS_DEPLOYMENT_TARGET = 5.0;
				SDKROOT = iphoneos;
			};
			name = Debug;
		};
		498F4B7A14696E9A00E8091A /* Release */ = {
			isa = XCBuildConfiguration;
			buildSettings = {
				ALWAYS_SEARCH_USER_PATHS = NO;
				ARCHS = "$(ARCHS_STANDARD_32_BIT)";
				"CODE_SIGN_IDENTITY[sdk=iphoneos*]" = "iPhone Developer";
				COPY_PHASE_STRIP = YES;
				GCC_C_LANGUAGE_STANDARD = gnu99;
				GCC_VERSION = com.apple.compilers.llvm.clang.1_0;
				GCC_WARN_ABOUT_MISSING_PROTOTYPES = YES;
				GCC_WARN_ABOUT_RETURN_TYPE = YES;
				GCC_WARN_UNUSED_VARIABLE = YES;
				IPHONEOS_DEPLOYMENT_TARGET = 5.0;
				OTHER_CFLAGS = "-DNS_BLOCK_ASSERTIONS=1";
				SDKROOT = iphoneos;
				VALIDATE_PRODUCT = YES;
			};
			name = Release;
		};
		498F4B7C14696E9A00E8091A /* Debug */ = {
			isa = XCBuildConfiguration;
			buildSettings = {
				GCC_PRECOMPILE_PREFIX_HEADER = YES;
				GCC_PREFIX_HEADER = "util/util-Prefix.pch";
				INFOPLIST_FILE = "util/util-Info.plist";
				PRODUCT_NAME = "$(TARGET_NAME)";
				WRAPPER_EXTENSION = app;
			};
			name = Debug;
		};
		498F4B7D14696E9A00E8091A /* Release */ = {
			isa = XCBuildConfiguration;
			buildSettings = {
				GCC_PRECOMPILE_PREFIX_HEADER = YES;
				GCC_PREFIX_HEADER = "util/util-Prefix.pch";
				INFOPLIST_FILE = "util/util-Info.plist";
				PRODUCT_NAME = "$(TARGET_NAME)";
				WRAPPER_EXTENSION = app;
			};
			name = Release;
		};
/* End XCBuildConfiguration section */

/* Begin XCConfigurationList section */
		498F4B5414696E9A00E8091A /* Build configuration list for PBXProject "util" */ = {
			isa = XCConfigurationList;
			buildConfigurations = (
				498F4B7914696E9A00E8091A /* Debug */,
				498F4B7A14696E9A00E8091A /* Release */,
			);
			defaultConfigurationIsVisible = 0;
			defaultConfigurationName = Release;
		};
		498F4B7B14696E9A00E8091A /* Build configuration list for PBXNativeTarget "util" */ = {
			isa = XCConfigurationList;
			buildConfigurations = (
				498F4B7C14696E9A00E8091A /* Debug */,
				498F4B7D14696E9A00E8091A /* Release */,
			);
			defaultConfigurationIsVisible = 0;
		};
/* End XCConfigurationList section */
	};
	rootObject = 498F4B5114696E9A00E8091A /* Project object */;
}
