// !$*UTF8*$!
{
	archiveVersion = 1;
	classes = {
	};
	objectVersion = 46;
	objects = {

/* Begin PBXBuildFile section */
		498F4ACA14696D3400E8091A /* UIKit.framework in Frameworks */ = {isa = PBXBuildFile; fileRef = 498F4AC914696D3400E8091A /* UIKit.framework */; };
		498F4ACC14696D3400E8091A /* Foundation.framework in Frameworks */ = {isa = PBXBuildFile; fileRef = 498F4ACB14696D3400E8091A /* Foundation.framework */; };
		498F4ACE14696D3400E8091A /* CoreGraphics.framework in Frameworks */ = {isa = PBXBuildFile; fileRef = 498F4ACD14696D3400E8091A /* CoreGraphics.framework */; };
		498F4AD414696D3400E8091A /* InfoPlist.strings in Resources */ = {isa = PBXBuildFile; fileRef = 498F4AD214696D3400E8091A /* InfoPlist.strings */; };
		498F4AD614696D3400E8091A /* main.m in Sources */ = {isa = PBXBuildFile; fileRef = 498F4AD514696D3400E8091A /* main.m */; };
		498F4ADA14696D3400E8091A /* AppDelegate.m in Sources */ = {isa = PBXBuildFile; fileRef = 498F4AD914696D3400E8091A /* AppDelegate.m */; };
		498F4ADD14696D3400E8091A /* RootViewController.m in Sources */ = {isa = PBXBuildFile; fileRef = 498F4ADC14696D3400E8091A /* RootViewController.m */; };
		498F4AE014696D3400E8091A /* DataViewController.m in Sources */ = {isa = PBXBuildFile; fileRef = 498F4ADF14696D3400E8091A /* DataViewController.m */; };
		498F4AE314696D3400E8091A /* ModelController.m in Sources */ = {isa = PBXBuildFile; fileRef = 498F4AE214696D3400E8091A /* ModelController.m */; };
		498F4AE614696D3500E8091A /* MainStoryboard.storyboard in Resources */ = {isa = PBXBuildFile; fileRef = 498F4AE414696D3500E8091A /* MainStoryboard.storyboard */; };
/* End PBXBuildFile section */

/* Begin PBXFileReference section */
		498F4AC514696D3400E8091A /* page.app */ = {isa = PBXFileReference; explicitFileType = wrapper.application; includeInIndex = 0; path = page.app; sourceTree = BUILT_PRODUCTS_DIR; };
		498F4AC914696D3400E8091A /* UIKit.framework */ = {isa = PBXFileReference; lastKnownFileType = wrapper.framework; name = UIKit.framework; path = System/Library/Frameworks/UIKit.framework; sourceTree = SDKROOT; };
		498F4ACB14696D3400E8091A /* Foundation.framework */ = {isa = PBXFileReference; lastKnownFileType = wrapper.framework; name = Foundation.framework; path = System/Library/Frameworks/Foundation.framework; sourceTree = SDKROOT; };
		498F4ACD14696D3400E8091A /* CoreGraphics.framework */ = {isa = PBXFileReference; lastKnownFileType = wrapper.framework; name = CoreGraphics.framework; path = System/Library/Frameworks/CoreGraphics.framework; sourceTree = SDKROOT; };
		498F4AD114696D3400E8091A /* page-Info.plist */ = {isa = PBXFileReference; lastKnownFileType = text.plist.xml; path = "page-Info.plist"; sourceTree = "<group>"; };
		498F4AD314696D3400E8091A /* en */ = {isa = PBXFileReference; lastKnownFileType = text.plist.strings; name = en; path = en.lproj/InfoPlist.strings; sourceTree = "<group>"; };
		498F4AD514696D3400E8091A /* main.m */ = {isa = PBXFileReference; lastKnownFileType = sourcecode.c.objc; path = main.m; sourceTree = "<group>"; };
		498F4AD714696D3400E8091A /* page-Prefix.pch */ = {isa = PBXFileReference; lastKnownFileType = sourcecode.c.h; path = "page-Prefix.pch"; sourceTree = "<group>"; };
		498F4AD814696D3400E8091A /* AppDelegate.h */ = {isa = PBXFileReference; lastKnownFileType = sourcecode.c.h; path = AppDelegate.h; sourceTree = "<group>"; };
		498F4AD914696D3400E8091A /* AppDelegate.m */ = {isa = PBXFileReference; lastKnownFileType = sourcecode.c.objc; path = AppDelegate.m; sourceTree = "<group>"; };
		498F4ADB14696D3400E8091A /* RootViewController.h */ = {isa = PBXFileReference; lastKnownFileType = sourcecode.c.h; path = RootViewController.h; sourceTree = "<group>"; };
		498F4ADC14696D3400E8091A /* RootViewController.m */ = {isa = PBXFileReference; lastKnownFileType = sourcecode.c.objc; path = RootViewController.m; sourceTree = "<group>"; };
		498F4ADE14696D3400E8091A /* DataViewController.h */ = {isa = PBXFileReference; lastKnownFileType = sourcecode.c.h; path = DataViewController.h; sourceTree = "<group>"; };
		498F4ADF14696D3400E8091A /* DataViewController.m */ = {isa = PBXFileReference; lastKnownFileType = sourcecode.c.objc; path = DataViewController.m; sourceTree = "<group>"; };
		498F4AE114696D3400E8091A /* ModelController.h */ = {isa = PBXFileReference; lastKnownFileType = sourcecode.c.h; path = ModelController.h; sourceTree = "<group>"; };
		498F4AE214696D3400E8091A /* ModelController.m */ = {isa = PBXFileReference; lastKnownFileType = sourcecode.c.objc; path = ModelController.m; sourceTree = "<group>"; };
		498F4AE514696D3500E8091A /* en */ = {isa = PBXFileReference; lastKnownFileType = file.storyboard; name = en; path = en.lproj/MainStoryboard.storyboard; sourceTree = "<group>"; };
/* End PBXFileReference section */

/* Begin PBXFrameworksBuildPhase section */
		498F4AC214696D3400E8091A /* Frameworks */ = {
			isa = PBXFrameworksBuildPhase;
			buildActionMask = 2147483647;
			files = (
				498F4ACA14696D3400E8091A /* UIKit.framework in Frameworks */,
				498F4ACC14696D3400E8091A /* Foundation.framework in Frameworks */,
				498F4ACE14696D3400E8091A /* CoreGraphics.framework in Frameworks */,
			);
			runOnlyForDeploymentPostprocessing = 0;
		};
/* End PBXFrameworksBuildPhase section */

/* Begin PBXGroup section */
		498F4ABA14696D3400E8091A = {
			isa = PBXGroup;
			children = (
				498F4ACF14696D3400E8091A /* page */,
				498F4AC814696D3400E8091A /* Frameworks */,
				498F4AC614696D3400E8091A /* Products */,
			);
			sourceTree = "<group>";
		};
		498F4AC614696D3400E8091A /* Products */ = {
			isa = PBXGroup;
			children = (
				498F4AC514696D3400E8091A /* page.app */,
			);
			name = Products;
			sourceTree = "<group>";
		};
		498F4AC814696D3400E8091A /* Frameworks */ = {
			isa = PBXGroup;
			children = (
				498F4AC914696D3400E8091A /* UIKit.framework */,
				498F4ACB14696D3400E8091A /* Foundation.framework */,
				498F4ACD14696D3400E8091A /* CoreGraphics.framework */,
			);
			name = Frameworks;
			sourceTree = "<group>";
		};
		498F4ACF14696D3400E8091A /* page */ = {
			isa = PBXGroup;
			children = (
				498F4AD814696D3400E8091A /* AppDelegate.h */,
				498F4AD914696D3400E8091A /* AppDelegate.m */,
				498F4ADB14696D3400E8091A /* RootViewController.h */,
				498F4ADC14696D3400E8091A /* RootViewController.m */,
				498F4ADE14696D3400E8091A /* DataViewController.h */,
				498F4ADF14696D3400E8091A /* DataViewController.m */,
				498F4AE114696D3400E8091A /* ModelController.h */,
				498F4AE214696D3400E8091A /* ModelController.m */,
				498F4AE414696D3500E8091A /* MainStoryboard.storyboard */,
				498F4AD014696D3400E8091A /* Supporting Files */,
			);
			path = page;
			sourceTree = "<group>";
		};
		498F4AD014696D3400E8091A /* Supporting Files */ = {
			isa = PBXGroup;
			children = (
				498F4AD114696D3400E8091A /* page-Info.plist */,
				498F4AD214696D3400E8091A /* InfoPlist.strings */,
				498F4AD514696D3400E8091A /* main.m */,
				498F4AD714696D3400E8091A /* page-Prefix.pch */,
			);
			name = "Supporting Files";
			sourceTree = "<group>";
		};
/* End PBXGroup section */

/* Begin PBXNativeTarget section */
		498F4AC414696D3400E8091A /* page */ = {
			isa = PBXNativeTarget;
			buildConfigurationList = 498F4AE914696D3500E8091A /* Build configuration list for PBXNativeTarget "page" */;
			buildPhases = (
				498F4AC114696D3400E8091A /* Sources */,
				498F4AC214696D3400E8091A /* Frameworks */,
				498F4AC314696D3400E8091A /* Resources */,
			);
			buildRules = (
			);
			dependencies = (
			);
			name = page;
			productName = page;
			productReference = 498F4AC514696D3400E8091A /* page.app */;
			productType = "com.apple.product-type.application";
		};
/* End PBXNativeTarget section */

/* Begin PBXProject section */
		498F4ABC14696D3400E8091A /* Project object */ = {
			isa = PBXProject;
			attributes = {
				LastUpgradeCheck = 0420;
			};
			buildConfigurationList = 498F4ABF14696D3400E8091A /* Build configuration list for PBXProject "page" */;
			compatibilityVersion = "Xcode 3.2";
			developmentRegion = English;
			hasScannedForEncodings = 0;
			knownRegions = (
				en,
			);
			mainGroup = 498F4ABA14696D3400E8091A;
			productRefGroup = 498F4AC614696D3400E8091A /* Products */;
			projectDirPath = "";
			projectRoot = "";
			targets = (
				498F4AC414696D3400E8091A /* page */,
			);
		};
/* End PBXProject section */

/* Begin PBXResourcesBuildPhase section */
		498F4AC314696D3400E8091A /* Resources */ = {
			isa = PBXResourcesBuildPhase;
			buildActionMask = 2147483647;
			files = (
				498F4AD414696D3400E8091A /* InfoPlist.strings in Resources */,
				498F4AE614696D3500E8091A /* MainStoryboard.storyboard in Resources */,
			);
			runOnlyForDeploymentPostprocessing = 0;
		};
/* End PBXResourcesBuildPhase section */

/* Begin PBXSourcesBuildPhase section */
		498F4AC114696D3400E8091A /* Sources */ = {
			isa = PBXSourcesBuildPhase;
			buildActionMask = 2147483647;
			files = (
				498F4AD614696D3400E8091A /* main.m in Sources */,
				498F4ADA14696D3400E8091A /* AppDelegate.m in Sources */,
				498F4ADD14696D3400E8091A /* RootViewController.m in Sources */,
				498F4AE014696D3400E8091A /* DataViewController.m in Sources */,
				498F4AE314696D3400E8091A /* ModelController.m in Sources */,
			);
			runOnlyForDeploymentPostprocessing = 0;
		};
/* End PBXSourcesBuildPhase section */

/* Begin PBXVariantGroup section */
		498F4AD214696D3400E8091A /* InfoPlist.strings */ = {
			isa = PBXVariantGroup;
			children = (
				498F4AD314696D3400E8091A /* en */,
			);
			name = InfoPlist.strings;
			sourceTree = "<group>";
		};
		498F4AE414696D3500E8091A /* MainStoryboard.storyboard */ = {
			isa = PBXVariantGroup;
			children = (
				498F4AE514696D3500E8091A /* en */,
			);
			name = MainStoryboard.storyboard;
			sourceTree = "<group>";
		};
/* End PBXVariantGroup section */

/* Begin XCBuildConfiguration section */
		498F4AE714696D3500E8091A /* Debug */ = {
			isa = XCBuildConfiguration;
			buildSettings = {
				ALWAYS_SEARCH_USER_PATHS = NO;
				ARCHS = "$(ARCHS_STANDARD_32_BIT)";
				CLANG_ENABLE_OBJC_ARC = YES;
				"CODE_SIGN_IDENTITY[sdk=iphoneos*]" = "iPhone Developer";
				COPY_PHASE_STRIP = NO;
				GCC_C_LANGUAGE_STANDARD = gnu99;
				GCC_DYNAMIC_NO_PIC = NO;
				GCC_OPTIMIZATION_LEVEL = 0;
				GCC_PREPROCESSOR_DEFINITIONS = (
					"DEBUG=1",
					"$(inherited)",
				);
				GCC_SYMBOLS_PRIVATE_EXTERN = NO;
				GCC_VERSION = com.apple.compilers.llvm.clang.1_0;
				GCC_WARN_ABOUT_MISSING_PROTOTYPES = YES;
				GCC_WARN_ABOUT_RETURN_TYPE = YES;
				GCC_WARN_UNUSED_VARIABLE = YES;
				IPHONEOS_DEPLOYMENT_TARGET = 5.0;
				SDKROOT = iphoneos;
			};
			name = Debug;
		};
		498F4AE814696D3500E8091A /* Release */ = {
			isa = XCBuildConfiguration;
			buildSettings = {
				ALWAYS_SEARCH_USER_PATHS = NO;
				ARCHS = "$(ARCHS_STANDARD_32_BIT)";
				CLANG_ENABLE_OBJC_ARC = YES;
				"CODE_SIGN_IDENTITY[sdk=iphoneos*]" = "iPhone Developer";
				COPY_PHASE_STRIP = YES;
				GCC_C_LANGUAGE_STANDARD = gnu99;
				GCC_VERSION = com.apple.compilers.llvm.clang.1_0;
				GCC_WARN_ABOUT_MISSING_PROTOTYPES = YES;
				GCC_WARN_ABOUT_RETURN_TYPE = YES;
				GCC_WARN_UNUSED_VARIABLE = YES;
				IPHONEOS_DEPLOYMENT_TARGET = 5.0;
				OTHER_CFLAGS = "-DNS_BLOCK_ASSERTIONS=1";
				SDKROOT = iphoneos;
				VALIDATE_PRODUCT = YES;
			};
			name = Release;
		};
		498F4AEA14696D3500E8091A /* Debug */ = {
			isa = XCBuildConfiguration;
			buildSettings = {
				GCC_PRECOMPILE_PREFIX_HEADER = YES;
				GCC_PREFIX_HEADER = "page/page-Prefix.pch";
				INFOPLIST_FILE = "page/page-Info.plist";
				PRODUCT_NAME = "$(TARGET_NAME)";
				WRAPPER_EXTENSION = app;
			};
			name = Debug;
		};
		498F4AEB14696D3500E8091A /* Release */ = {
			isa = XCBuildConfiguration;
			buildSettings = {
				GCC_PRECOMPILE_PREFIX_HEADER = YES;
				GCC_PREFIX_HEADER = "page/page-Prefix.pch";
				INFOPLIST_FILE = "page/page-Info.plist";
				PRODUCT_NAME = "$(TARGET_NAME)";
				WRAPPER_EXTENSION = app;
			};
			name = Release;
		};
/* End XCBuildConfiguration section */

/* Begin XCConfigurationList section */
		498F4ABF14696D3400E8091A /* Build configuration list for PBXProject "page" */ = {
			isa = XCConfigurationList;
			buildConfigurations = (
				498F4AE714696D3500E8091A /* Debug */,
				498F4AE814696D3500E8091A /* Release */,
			);
			defaultConfigurationIsVisible = 0;
			defaultConfigurationName = Release;
		};
		498F4AE914696D3500E8091A /* Build configuration list for PBXNativeTarget "page" */ = {
			isa = XCConfigurationList;
			buildConfigurations = (
				498F4AEA14696D3500E8091A /* Debug */,
				498F4AEB14696D3500E8091A /* Release */,
			);
			defaultConfigurationIsVisible = 0;
		};
/* End XCConfigurationList section */
	};
	rootObject = 498F4ABC14696D3400E8091A /* Project object */;
}
